Microsoft Visual Studio Solution File, Format Version 12.00
# Visual Studio Version 17
VisualStudioVersion = 17.5.2.0
MinimumVisualStudioVersion = 10.0.40219.1
Project("{FAE04EC0-301F-11D3-BF4B-00C04F79EFBC}") = "Question1", "Question1\Question1.csproj", "{1FCB4AC1-8DFB-2643-26AA-3E04A8CC615E}"
EndProject
Project("{FAE04EC0-301F-11D3-BF4B-00C04F79EFBC}") = "Question2", "Question2\Question2.csproj", "{170EE994-017D-CDE4-B231-C093DAFF90E5}"
EndProject
Global
	GlobalSection(SolutionConfigurationPlatforms) = preSolution
		Debug|Any CPU = Debug|Any CPU
		Release|Any CPU = Release|Any CPU
	EndGlobalSection
	GlobalSection(ProjectConfigurationPlatforms) = postSolution
		{1FCB4AC1-8DFB-2643-26AA-3E04A8CC615E}.Debug|Any CPU.ActiveCfg = Debug|Any CPU
		{1FCB4AC1-8DFB-2643-26AA-3E04A8CC615E}.Debug|Any CPU.Build.0 = Debug|Any CPU
		{1FCB4AC1-8DFB-2643-26AA-3E04A8CC615E}.Release|Any CPU.ActiveCfg = Release|Any CPU
		{1FCB4AC1-8DFB-2643-26AA-3E04A8CC615E}.Release|Any CPU.Build.0 = Release|Any CPU
		{170EE994-017D-CDE4-B231-C093DAFF90E5}.Debug|Any CPU.ActiveCfg = Debug|Any CPU
		{170EE994-017D-CDE4-B231-C093DAFF90E5}.Debug|Any CPU.Build.0 = Debug|Any CPU
		{170EE994-017D-CDE4-B231-C093DAFF90E5}.Release|Any CPU.ActiveCfg = Release|Any CPU
		{170EE994-017D-CDE4-B231-C093DAFF90E5}.Release|Any CPU.Build.0 = Release|Any CPU
	EndGlobalSection
	GlobalSection(SolutionProperties) = preSolution
		HideSolutionNode = FALSE
	EndGlobalSection
	GlobalSection(ExtensibilityGlobals) = postSolution
		SolutionGuid = {A60030DA-BE53-4592-9894-B487A50CDCE0}
	EndGlobalSection
EndGlobal
