
Microsoft Visual Studio Solution File, Format Version 12.00
# Visual Studio Version 17
VisualStudioVersion = 17.5.2.0
MinimumVisualStudioVersion = 10.0.40219.1
Project("{FAE04EC0-301F-11D3-BF4B-00C04F79EFBC}") = "Question1", "Question1\Question1.csproj", "{1FCB4AC1-8DFB-2643-26AA-3E04A8CC615E}"
EndProject
Project("{FAE04EC0-301F-11D3-BF4B-00C04F79EFBC}") = "Question2", "Question2\Question2.csproj", "{170EE994-017D-CDE4-B231-C093DAFF90E5}"
EndProject
Project("{FAE04EC0-301F-11D3-BF4B-00C04F79EFBC}") = "MediSure", "MediSure\MediSure.csproj", "{DFD50D29-F39B-4751-95C3-FD26D8D024CB}"
EndProject
Project("{FAE04EC0-301F-11D3-BF4B-00C04F79EFBC}") = "QuickMart", "QuickMart\QuickMart.csproj", "{F592F02A-51B6-4DB0-B895-25FC38848141}"
EndProject
Global
	GlobalSection(SolutionConfigurationPlatforms) = preSolution
		Debug|Any CPU = Debug|Any CPU
		Debug|x64 = Debug|x64
		Debug|x86 = Debug|x86
		Release|Any CPU = Release|Any CPU
		Release|x64 = Release|x64
		Release|x86 = Release|x86
	EndGlobalSection
	GlobalSection(ProjectConfigurationPlatforms) = postSolution
		{1FCB4AC1-8DFB-2643-26AA-3E04A8CC615E}.Debug|Any CPU.ActiveCfg = Debug|Any CPU
		{1FCB4AC1-8DFB-2643-26AA-3E04A8CC615E}.Debug|Any CPU.Build.0 = Debug|Any CPU
		{1FCB4AC1-8DFB-2643-26AA-3E04A8CC615E}.Debug|x64.ActiveCfg = Debug|Any CPU
		{1FCB4AC1-8DFB-2643-26AA-3E04A8CC615E}.Debug|x64.Build.0 = Debug|Any CPU
		{1FCB4AC1-8DFB-2643-26AA-3E04A8CC615E}.Debug|x86.ActiveCfg = Debug|Any CPU
		{1FCB4AC1-8DFB-2643-26AA-3E04A8CC615E}.Debug|x86.Build.0 = Debug|Any CPU
		{1FCB4AC1-8DFB-2643-26AA-3E04A8CC615E}.Release|Any CPU.ActiveCfg = Release|Any CPU
		{1FCB4AC1-8DFB-2643-26AA-3E04A8CC615E}.Release|Any CPU.Build.0 = Release|Any CPU
		{1FCB4AC1-8DFB-2643-26AA-3E04A8CC615E}.Release|x64.ActiveCfg = Release|Any CPU
		{1FCB4AC1-8DFB-2643-26AA-3E04A8CC615E}.Release|x64.Build.0 = Release|Any CPU
		{1FCB4AC1-8DFB-2643-26AA-3E04A8CC615E}.Release|x86.ActiveCfg = Release|Any CPU
		{1FCB4AC1-8DFB-2643-26AA-3E04A8CC615E}.Release|x86.Build.0 = Release|Any CPU
		{170EE994-017D-CDE4-B231-C093DAFF90E5}.Debug|Any CPU.ActiveCfg = Debug|Any CPU
		{170EE994-017D-CDE4-B231-C093DAFF90E5}.Debug|Any CPU.Build.0 = Debug|Any CPU
		{170EE994-017D-CDE4-B231-C093DAFF90E5}.Debug|x64.ActiveCfg = Debug|Any CPU
		{170EE994-017D-CDE4-B231-C093DAFF90E5}.Debug|x64.Build.0 = Debug|Any CPU
		{170EE994-017D-CDE4-B231-C093DAFF90E5}.Debug|x86.ActiveCfg = Debug|Any CPU
		{170EE994-017D-CDE4-B231-C093DAFF90E5}.Debug|x86.Build.0 = Debug|Any CPU
		{170EE994-017D-CDE4-B231-C093DAFF90E5}.Release|Any CPU.ActiveCfg = Release|Any CPU
		{170EE994-017D-CDE4-B231-C093DAFF90E5}.Release|Any CPU.Build.0 = Release|Any CPU
		{170EE994-017D-CDE4-B231-C093DAFF90E5}.Release|x64.ActiveCfg = Release|Any CPU
		{170EE994-017D-CDE4-B231-C093DAFF90E5}.Release|x64.Build.0 = Release|Any CPU
		{170EE994-017D-CDE4-B231-C093DAFF90E5}.Release|x86.ActiveCfg = Release|Any CPU
		{170EE994-017D-CDE4-B231-C093DAFF90E5}.Release|x86.Build.0 = Release|Any CPU
		{DFD50D29-F39B-4751-95C3-FD26D8D024CB}.Debug|Any CPU.ActiveCfg = Debug|Any CPU
		{DFD50D29-F39B-4751-95C3-FD26D8D024CB}.Debug|Any CPU.Build.0 = Debug|Any CPU
		{DFD50D29-F39B-4751-95C3-FD26D8D024CB}.Debug|x64.ActiveCfg = Debug|Any CPU
		{DFD50D29-F39B-4751-95C3-FD26D8D024CB}.Debug|x64.Build.0 = Debug|Any CPU
		{DFD50D29-F39B-4751-95C3-FD26D8D024CB}.Debug|x86.ActiveCfg = Debug|Any CPU
		{DFD50D29-F39B-4751-95C3-FD26D8D024CB}.Debug|x86.Build.0 = Debug|Any CPU
		{DFD50D29-F39B-4751-95C3-FD26D8D024CB}.Release|Any CPU.ActiveCfg = Release|Any CPU
		{DFD50D29-F39B-4751-95C3-FD26D8D024CB}.Release|Any CPU.Build.0 = Release|Any CPU
		{DFD50D29-F39B-4751-95C3-FD26D8D024CB}.Release|x64.ActiveCfg = Release|Any CPU
		{DFD50D29-F39B-4751-95C3-FD26D8D024CB}.Release|x64.Build.0 = Release|Any CPU
		{DFD50D29-F39B-4751-95C3-FD26D8D024CB}.Release|x86.ActiveCfg = Release|Any CPU
		{DFD50D29-F39B-4751-95C3-FD26D8D024CB}.Release|x86.Build.0 = Release|Any CPU
		{F592F02A-51B6-4DB0-B895-25FC38848141}.Debug|Any CPU.ActiveCfg = Debug|Any CPU
		{F592F02A-51B6-4DB0-B895-25FC38848141}.Debug|Any CPU.Build.0 = Debug|Any CPU
		{F592F02A-51B6-4DB0-B895-25FC38848141}.Debug|x64.ActiveCfg = Debug|Any CPU
		{F592F02A-51B6-4DB0-B895-25FC38848141}.Debug|x64.Build.0 = Debug|Any CPU
		{F592F02A-51B6-4DB0-B895-25FC38848141}.Debug|x86.ActiveCfg = Debug|Any CPU
		{F592F02A-51B6-4DB0-B895-25FC38848141}.Debug|x86.Build.0 = Debug|Any CPU
		{F592F02A-51B6-4DB0-B895-25FC38848141}.Release|Any CPU.ActiveCfg = Release|Any CPU
		{F592F02A-51B6-4DB0-B895-25FC38848141}.Release|Any CPU.Build.0 = Release|Any CPU
		{F592F02A-51B6-4DB0-B895-25FC38848141}.Release|x64.ActiveCfg = Release|Any CPU
		{F592F02A-51B6-4DB0-B895-25FC38848141}.Release|x64.Build.0 = Release|Any CPU
		{F592F02A-51B6-4DB0-B895-25FC38848141}.Release|x86.ActiveCfg = Release|Any CPU
		{F592F02A-51B6-4DB0-B895-25FC38848141}.Release|x86.Build.0 = Release|Any CPU
	EndGlobalSection
	GlobalSection(SolutionProperties) = preSolution
		HideSolutionNode = FALSE
	EndGlobalSection
	GlobalSection(ExtensibilityGlobals) = postSolution
		SolutionGuid = {A60030DA-BE53-4592-9894-B487A50CDCE0}
	EndGlobalSection
EndGlobal
